
Microsoft Visual Studio Solution File, Format Version 12.00
# Visual Studio 2012
Project("{FAE04EC0-301F-11D3-BF4B-00C04F79EFBC}") = "WI", "WI\WI.csproj", "{B0A91DAD-699B-4101-A8C6-8898CF310963}"
EndProject
Project("{FAE04EC0-301F-11D3-BF4B-00C04F79EFBC}") = "FunctionFactory", "FunctionFactory\FunctionFactory.csproj", "{4DFA2185-B5E5-4A71-A6D2-BC094B9F18FD}"
EndProject
Project("{FAE04EC0-301F-11D3-BF4B-00C04F79EFBC}") = "MMCG3", "MMCG3\MMCG3\MMCG3.csproj", "{90914424-F35A-4E50-A7FD-B8F4F5FB479D}"
EndProject
Global
	GlobalSection(SolutionConfigurationPlatforms) = preSolution
		Debug|Any CPU = Debug|Any CPU
		Release|Any CPU = Release|Any CPU
	EndGlobalSection
	GlobalSection(ProjectConfigurationPlatforms) = postSolution
		{B0A91DAD-699B-4101-A8C6-8898CF310963}.Debug|Any CPU.ActiveCfg = Debug|Any CPU
		{B0A91DAD-699B-4101-A8C6-8898CF310963}.Debug|Any CPU.Build.0 = Debug|Any CPU
		{B0A91DAD-699B-4101-A8C6-8898CF310963}.Release|Any CPU.ActiveCfg = Release|Any CPU
		{B0A91DAD-699B-4101-A8C6-8898CF310963}.Release|Any CPU.Build.0 = Release|Any CPU
		{4DFA2185-B5E5-4A71-A6D2-BC094B9F18FD}.Debug|Any CPU.ActiveCfg = Debug|Any CPU
		{4DFA2185-B5E5-4A71-A6D2-BC094B9F18FD}.Debug|Any CPU.Build.0 = Debug|Any CPU
		{4DFA2185-B5E5-4A71-A6D2-BC094B9F18FD}.Release|Any CPU.ActiveCfg = Release|Any CPU
		{4DFA2185-B5E5-4A71-A6D2-BC094B9F18FD}.Release|Any CPU.Build.0 = Release|Any CPU
		{90914424-F35A-4E50-A7FD-B8F4F5FB479D}.Debug|Any CPU.ActiveCfg = Debug|Any CPU
		{90914424-F35A-4E50-A7FD-B8F4F5FB479D}.Debug|Any CPU.Build.0 = Debug|Any CPU
		{90914424-F35A-4E50-A7FD-B8F4F5FB479D}.Release|Any CPU.ActiveCfg = Release|Any CPU
		{90914424-F35A-4E50-A7FD-B8F4F5FB479D}.Release|Any CPU.Build.0 = Release|Any CPU
	EndGlobalSection
	GlobalSection(SolutionProperties) = preSolution
		HideSolutionNode = FALSE
	EndGlobalSection
EndGlobal
